# This file is autogenerated, do not edit; changes may be undone by the next 'dep ensure'.


[[projects]]
  branch = "master"
  name = "github.com/oliamb/cutter"
  packages = ["."]
  revision = "6bb26911f52436bb5c63667f9aaa2d1826b2df9e"

[[projects]]
  name = "github.com/salviati/go-tmx"
  packages = ["tmx"]
  revision = "e61613f80a4c75849cb31934e6656707eda69997"

[[projects]]
  name = "github.com/veandco/go-sdl2"
  packages = [
    "gfx",
    "img",
    "sdl",
    "ttf"
  ]
  revision = "2f90afa8b3ff0c0e7bf9a1819300a76442277e15"

[solve-meta]
  analyzer-name = "dep"
  analyzer-version = 1
  inputs-digest = "6126cce8728bd691c2a318b3e69916327b5693ea3017c5bdc688e7b4a2c8bc73"
  solver-name = "gps-cdcl"
  solver-version = 1
